
Microsoft Visual Studio Solution File, Format Version 12.00
# Visual Studio Version 16
VisualStudioVersion = 16.0.809.6
MinimumVisualStudioVersion = 10.0.40219.1
Project("{FAE04EC0-301F-11D3-BF4B-00C04F79EFBC}") = "OdataTest", "OdataTest\OdataTest.csproj", "{811EF5EB-3C9C-4984-B245-99F74E500EF0}"
EndProject
Global
	GlobalSection(SolutionConfigurationPlatforms) = preSolution
		Debug|Any CPU = Debug|Any CPU
		Release|Any CPU = Release|Any CPU
	EndGlobalSection
	GlobalSection(ProjectConfigurationPlatforms) = postSolution
		{811EF5EB-3C9C-4984-B245-99F74E500EF0}.Debug|Any CPU.ActiveCfg = Debug|Any CPU
		{811EF5EB-3C9C-4984-B245-99F74E500EF0}.Debug|Any CPU.Build.0 = Debug|Any CPU
		{811EF5EB-3C9C-4984-B245-99F74E500EF0}.Release|Any CPU.ActiveCfg = Release|Any CPU
		{811EF5EB-3C9C-4984-B245-99F74E500EF0}.Release|Any CPU.Build.0 = Release|Any CPU
	EndGlobalSection
	GlobalSection(SolutionProperties) = preSolution
		HideSolutionNode = FALSE
	EndGlobalSection
	GlobalSection(ExtensibilityGlobals) = postSolution
		SolutionGuid = {CFB6ED17-3133-4E52-B3C8-9B6D5E99BDB1}
	EndGlobalSection
EndGlobal
